{
    "_meta": {
        "hash": {
            "sha256": "b3c06a4bde35a6b5154e55300596674a8573c9e36b5f58355f7fadba482b7418"
        },
        "pipfile-spec": 6,
        "requires": {
            "python_version": "3.6"
        },
        "sources": [
            {
                "name": "pypi",
                "url": "https://pypi.python.org/simple",
                "verify_ssl": true
            }
        ]
    },
    "default": {
        "boto3": {
            "hashes": [
                "sha256:4b56c09fc580a9ccea2c8444518287b8167f5cc4efb72fc70cb5a5fb85f5031e",
                "sha256:8c4af1567fe5023c38871fe115fedfd27e958c7064cac3c5fd1fbd466a23662c"
            ],
            "index": "pypi",
            "version": "==1.6.0"
        },
        "botocore": {
            "hashes": [
                "sha256:158012844c7a385ef49a93354124878bee7f400e3597dea57202ea87faeefa90",
                "sha256:fa84972784e55ae5f89c2d33b1b10b6ba028cb3733b350df7ed1461e0680ab40"
            ],
            "version": "==1.9.23"
        },
        "certifi": {
            "hashes": [
                "sha256:1a4995114262bffbc2413b159f2a1a480c969de6e6eb13ee966d470af86af59c",
                "sha256:719a74fb9e33b9bd44cc7f3a8d94bc35e4049deebe19ba7d8e108280cfd59830"
            ],
            "version": "==2020.12.5"
        },
        "chardet": {
            "hashes": [
                "sha256:84ab92ed1c4d4f16916e05906b6b75a6c0fb5db821cc65e70cbd64a3e2a5eaae",
                "sha256:fc323ffcaeaed0e0a02bf4d117757b98aed530d9ed4531e3e15460124c106691"
            ],
            "version": "==3.0.4"
        },
        "click": {
            "hashes": [
                "sha256:d2b5255c7c6349bc1bd1e59e08cd12acbbd63ce649f2588755783aa94dfb6b1a",
                "sha256:dacca89f4bfadd5de3d7489b7c8a566eee0d3676333fbb50030263894c38c0dc"
            ],
            "version": "==7.1.2"
        },
        "docutils": {
            "hashes": [
                "sha256:686577d2e4c32380bb50cbb22f575ed742d58168cee37e99117a854bcd88f125",
                "sha256:cf316c8370a737a022b72b56874f6602acf974a37a9fba42ec2876387549fc61"
            ],
            "version": "==0.17.1"
        },
        "e1839a8": {
            "editable": true,
            "path": "."
        },
        "elasticsearch": {
            "hashes": [
                "sha256:1840fea8c305224b8c28acabc8697f739cdfb03618f2d2427b42838971a787f6",
                "sha256:df35d8c638f946f098a74681b18611bdf27ba469fa2063e3dfc8bdc290b11419"
            ],
            "version": "==7.12.1"
        },
        "elasticsearch-dsl": {
            "hashes": [
                "sha256:0ed75f6ff037e36b2397a8e92cae0ddde79b83adc70a154b8946064cb62f7301",
                "sha256:9390d8e5cf82ebad3505e7f656e407259cf703f5a4035f211cef454127672572"
            ],
            "version": "==7.3.0"
        },
        "idna": {
            "hashes": [
                "sha256:2c6a5de3089009e3da7c5dde64a141dbc8551d5b7f6cf4ed7c2568d0cc520a8f",
                "sha256:8c7309c718f94b3a625cb648ace320157ad16ff131ae0af362c9f21b80ef6ec4"
            ],
            "version": "==2.6"
        },
        "jmespath": {
            "hashes": [
                "sha256:b85d0567b8666149a93172712e68920734333c0ce7e89b78b3e987f71e5ed4f9",
                "sha256:cdf6525904cc597730141d61b36f2e4b8ecc257c420fa2f4549bac2c2d0cb72f"
            ],
            "version": "==0.10.0"
        },
        "joblib": {
            "hashes": [
                "sha256:9c17567692206d2f3fb9ecf5e991084254fe631665c450b443761c4186a613f7",
                "sha256:feeb1ec69c4d45129954f1b7034954241eedfd6ba39b5e9e4b6883be3332d5e5"
            ],
            "version": "==1.0.1"
        },
        "nltk": {
            "hashes": [
                "sha256:240e23ab1ab159ef9940777d30c7c72d7e76d91877099218a7585370c11f6b9e",
                "sha256:57d556abed621ab9be225cc6d2df1edce17572efb67a3d754630c9f8381503eb"
            ],
            "version": "==3.6.2"
        },
        "pyaes": {
            "hashes": [
                "sha256:02c1b1405c38d3c370b085fb952dd8bea3fadcee6411ad99f312cc129c536d8f"
            ],
            "version": "==1.6.1"
        },
        "pyasn1": {
            "hashes": [
                "sha256:39c7e2ec30515947ff4e87fb6f456dfc6e84857d34be479c9d4a4ba4bf46aa5d",
                "sha256:aef77c9fb94a3ac588e87841208bdec464471d9871bd5050a287cc9a475cd0ba"
            ],
            "version": "==0.4.8"
        },
        "python-dateutil": {
            "hashes": [
                "sha256:891c38b2a02f5bb1be3e4793866c8df49c7d19baabf9c1bad62547e0b4866aca",
                "sha256:95511bae634d69bc7329ba55e646499a842bc4ec342ad54a8cdb65645a0aad3c"
            ],
            "version": "==2.6.1"
        },
        "regex": {
            "hashes": [
                "sha256:01afaf2ec48e196ba91b37451aa353cb7eda77efe518e481707e0515025f0cd5",
                "sha256:11d773d75fa650cd36f68d7ca936e3c7afaae41b863b8c387a22aaa78d3c5c79",
                "sha256:18c071c3eb09c30a264879f0d310d37fe5d3a3111662438889ae2eb6fc570c31",
                "sha256:1e1c20e29358165242928c2de1482fb2cf4ea54a6a6dea2bd7a0e0d8ee321500",
                "sha256:281d2fd05555079448537fe108d79eb031b403dac622621c78944c235f3fcf11",
                "sha256:314d66636c494ed9c148a42731b3834496cc9a2c4251b1661e40936814542b14",
                "sha256:32e65442138b7b76dd8173ffa2cf67356b7bc1768851dded39a7a13bf9223da3",
                "sha256:339456e7d8c06dd36a22e451d58ef72cef293112b559010db3d054d5560ef439",
                "sha256:3916d08be28a1149fb97f7728fca1f7c15d309a9f9682d89d79db75d5e52091c",
                "sha256:3a9cd17e6e5c7eb328517969e0cb0c3d31fd329298dd0c04af99ebf42e904f82",
                "sha256:47bf5bf60cf04d72bf6055ae5927a0bd9016096bf3d742fa50d9bf9f45aa0711",
                "sha256:4c46e22a0933dd783467cf32b3516299fb98cfebd895817d685130cc50cd1093",
                "sha256:4c557a7b470908b1712fe27fb1ef20772b78079808c87d20a90d051660b1d69a",
                "sha256:52ba3d3f9b942c49d7e4bc105bb28551c44065f139a65062ab7912bef10c9afb",
                "sha256:563085e55b0d4fb8f746f6a335893bda5c2cef43b2f0258fe1020ab1dd874df8",
                "sha256:598585c9f0af8374c28edd609eb291b5726d7cbce16be6a8b95aa074d252ee17",
                "sha256:619d71c59a78b84d7f18891fe914446d07edd48dc8328c8e149cbe0929b4e000",
                "sha256:67bdb9702427ceddc6ef3dc382455e90f785af4c13d495f9626861763ee13f9d",
                "sha256:6d1b01031dedf2503631d0903cb563743f397ccaf6607a5e3b19a3d76fc10480",
                "sha256:741a9647fcf2e45f3a1cf0e24f5e17febf3efe8d4ba1281dcc3aa0459ef424dc",
                "sha256:7c2a1af393fcc09e898beba5dd59196edaa3116191cc7257f9224beaed3e1aa0",
                "sha256:7d9884d86dd4dd489e981d94a65cd30d6f07203d90e98f6f657f05170f6324c9",
                "sha256:90f11ff637fe8798933fb29f5ae1148c978cccb0452005bf4c69e13db951e765",
                "sha256:919859aa909429fb5aa9cf8807f6045592c85ef56fdd30a9a3747e513db2536e",
                "sha256:96fcd1888ab4d03adfc9303a7b3c0bd78c5412b2bfbe76db5b56d9eae004907a",
                "sha256:97f29f57d5b84e73fbaf99ab3e26134e6687348e95ef6b48cfd2c06807005a07",
                "sha256:980d7be47c84979d9136328d882f67ec5e50008681d94ecc8afa8a65ed1f4a6f",
                "sha256:a91aa8619b23b79bcbeb37abe286f2f408d2f2d6f29a17237afda55bb54e7aac",
                "sha256:ade17eb5d643b7fead300a1641e9f45401c98eee23763e9ed66a43f92f20b4a7",
                "sha256:b9c3db21af35e3b3c05764461b262d6f05bbca08a71a7849fd79d47ba7bc33ed",
                "sha256:bd28bc2e3a772acbb07787c6308e00d9626ff89e3bfcdebe87fa5afbfdedf968",
                "sha256:bf5824bfac591ddb2c1f0a5f4ab72da28994548c708d2191e3b87dd207eb3ad7",
                "sha256:c0502c0fadef0d23b128605d69b58edb2c681c25d44574fc673b0e52dce71ee2",
                "sha256:c38c71df845e2aabb7fb0b920d11a1b5ac8526005e533a8920aea97efb8ec6a4",
                "sha256:ce15b6d103daff8e9fee13cf7f0add05245a05d866e73926c358e871221eae87",
                "sha256:d3029c340cfbb3ac0a71798100ccc13b97dddf373a4ae56b6a72cf70dfd53bc8",
                "sha256:e512d8ef5ad7b898cdb2d8ee1cb09a8339e4f8be706d27eaa180c2f177248a10",
                "sha256:e8e5b509d5c2ff12f8418006d5a90e9436766133b564db0abaec92fd27fcee29",
                "sha256:ee54ff27bf0afaf4c3b3a62bcd016c12c3fdb4ec4f413391a90bd38bc3624605",
                "sha256:fa4537fb4a98fe8fde99626e4681cc644bdcf2a795038533f9f711513a862ae6",
                "sha256:fd45ff9293d9274c5008a2054ecef86a9bfe819a67c7be1afb65e69b405b3042"
            ],
            "version": "==2021.4.4"
        },
        "requests": {
            "hashes": [
                "sha256:6a1b267aa90cac58ac3a765d067950e7dbbf75b1da07e895d1f594193a40a38b",
                "sha256:9c443e7324ba5b85070c4a818ade28bfabedf16ea10206da1132edaa6dda237e"
            ],
            "index": "pypi",
            "version": "==2.18.4"
        },
        "requests-cache": {
            "hashes": [
                "sha256:e9270030becc739b0a7f7f834234c73a878b2d794122bf76f40055a22419eb67",
                "sha256:fe561ca119879bbcfb51f03a35e35b425e18f338248e59fd5cf2166c77f457a2"
            ],
            "index": "pypi",
            "version": "==0.4.13"
        },
        "rsa": {
            "hashes": [
                "sha256:69805d6b69f56eb05b62daea3a7dbd7aa44324ad1306445e05da8060232d00f4",
                "sha256:a8774e55b59fd9fc893b0d05e9bfc6f47081f46ff5b46f39ccf24631b7be356b"
            ],
            "index": "pypi",
            "version": "==4.7"
        },
        "s3transfer": {
            "hashes": [
                "sha256:90dc18e028989c609146e241ea153250be451e05ecc0c2832565231dacdf59c1",
                "sha256:c7a9ec356982d5e9ab2d4b46391a7d6a950e2b04c472419f5fdec70cc0ada72f"
            ],
            "version": "==0.1.13"
        },
        "six": {
            "hashes": [
                "sha256:30639c035cdb23534cd4aa2dd52c3bf48f06e5f4a941509c8bafd8ce11080259",
                "sha256:8b74bedcbbbaca38ff6d7491d76f2b06b3592611af620f8426e82dddb04a5ced"
            ],
            "version": "==1.15.0"
        },
        "telethon": {
            "hashes": [
                "sha256:4c920d76fa54956926352a5fadd9c4074014a867966ef0c1109e6beb34380b54",
                "sha256:cb5ad0e36f806caf755b090ef40067d3761cdee92b0249daf0c8900306ce2d38"
            ],
            "index": "pypi",
            "version": "==0.17.2.1"
        },
        "textblob": {
            "hashes": [
                "sha256:7c9ff21a47a382fa4f235e84ce9be10cca4b9d46b012b79af6e47ea81b478a18",
                "sha256:8301812cbef9b2f288e14df904854f7457fccf2c52020b66d3f9bc1448cf042a"
            ],
            "index": "pypi",
            "version": "==0.15.1"
        },
        "tqdm": {
            "hashes": [
                "sha256:daec693491c52e9498632dfbe9ccfc4882a557f5fa08982db1b4d3adbe0887c3",
                "sha256:ebdebdb95e3477ceea267decfc0784859aa3df3e27e22d23b83e9b272bf157ae"
            ],
            "version": "==4.60.0"
        },
        "urllib3": {
            "hashes": [
                "sha256:06330f386d6e4b195fbfc736b297f58c5a892e4440e54d294d7004e3a9bbea1b",
                "sha256:cc44da8e1145637334317feebd728bd869a35285b93cbb4cca2577da7e62db4f"
            ],
            "version": "==1.22"
        }
    },
    "develop": {}
}
